
Microsoft Visual Studio Solution File, Format Version 12.00
# Visual Studio Version 17
VisualStudioVersion = 17.6.33815.320
MinimumVisualStudioVersion = 10.0.40219.1
Project("{FAE04EC0-301F-11D3-BF4B-00C04F79EFBC}") = "testswagger", "testswagger.csproj", "{526BBAFE-AC14-4E95-831B-3043D732BF9E}"
EndProject
Global
	GlobalSection(SolutionConfigurationPlatforms) = preSolution
		Debug|Any CPU = Debug|Any CPU
		Release|Any CPU = Release|Any CPU
	EndGlobalSection
	GlobalSection(ProjectConfigurationPlatforms) = postSolution
		{526BBAFE-AC14-4E95-831B-3043D732BF9E}.Debug|Any CPU.ActiveCfg = Debug|Any CPU
		{526BBAFE-AC14-4E95-831B-3043D732BF9E}.Debug|Any CPU.Build.0 = Debug|Any CPU
		{526BBAFE-AC14-4E95-831B-3043D732BF9E}.Release|Any CPU.ActiveCfg = Release|Any CPU
		{526BBAFE-AC14-4E95-831B-3043D732BF9E}.Release|Any CPU.Build.0 = Release|Any CPU
	EndGlobalSection
	GlobalSection(SolutionProperties) = preSolution
		HideSolutionNode = FALSE
	EndGlobalSection
	GlobalSection(ExtensibilityGlobals) = postSolution
		SolutionGuid = {F5744412-1BC9-4FFD-A8F7-221ACF4DBB60}
	EndGlobalSection
EndGlobal
